
Microsoft Visual Studio Solution File, Format Version 12.00
# Visual Studio 2015
Project("{FAE04EC0-301F-11D3-BF4B-00C04F79EFBC}") = "HackforGood.CSharp", "HackforGood.CSharp.csproj", "{FDBE5CCD-0E38-6C4D-188F-79E70C46335C}"
EndProject
Global
	GlobalSection(SolutionConfigurationPlatforms) = preSolution
		Debug|Any CPU = Debug|Any CPU
		Release|Any CPU = Release|Any CPU
	EndGlobalSection
	GlobalSection(ProjectConfigurationPlatforms) = postSolution
		{FDBE5CCD-0E38-6C4D-188F-79E70C46335C}.Debug|Any CPU.ActiveCfg = Debug|Any CPU
		{FDBE5CCD-0E38-6C4D-188F-79E70C46335C}.Debug|Any CPU.Build.0 = Debug|Any CPU
		{FDBE5CCD-0E38-6C4D-188F-79E70C46335C}.Release|Any CPU.ActiveCfg = Release|Any CPU
		{FDBE5CCD-0E38-6C4D-188F-79E70C46335C}.Release|Any CPU.Build.0 = Release|Any CPU
	EndGlobalSection
	GlobalSection(SolutionProperties) = preSolution
		HideSolutionNode = FALSE
	EndGlobalSection
EndGlobal
